
Microsoft Visual Studio Solution File, Format Version 12.00
# Visual Studio Version 17
VisualStudioVersion = 17.10.35013.160
MinimumVisualStudioVersion = 10.0.40219.1
Project("{FAE04EC0-301F-11D3-BF4B-00C04F79EFBC}") = "TicTacToeOOP", "TicTacToeOOP.csproj", "{005438F1-9BEB-4468-8EC9-521424C53CFA}"
EndProject
Global
	GlobalSection(SolutionConfigurationPlatforms) = preSolution
		Debug|Any CPU = Debug|Any CPU
		Release|Any CPU = Release|Any CPU
	EndGlobalSection
	GlobalSection(ProjectConfigurationPlatforms) = postSolution
		{005438F1-9BEB-4468-8EC9-521424C53CFA}.Debug|Any CPU.ActiveCfg = Debug|Any CPU
		{005438F1-9BEB-4468-8EC9-521424C53CFA}.Debug|Any CPU.Build.0 = Debug|Any CPU
		{005438F1-9BEB-4468-8EC9-521424C53CFA}.Release|Any CPU.ActiveCfg = Release|Any CPU
		{005438F1-9BEB-4468-8EC9-521424C53CFA}.Release|Any CPU.Build.0 = Release|Any CPU
	EndGlobalSection
	GlobalSection(SolutionProperties) = preSolution
		HideSolutionNode = FALSE
	EndGlobalSection
	GlobalSection(ExtensibilityGlobals) = postSolution
		SolutionGuid = {6FCE646E-89D8-4522-ACD0-EB1BDE6253BA}
	EndGlobalSection
EndGlobal
